{
    "name": "epa-ng-web-server",
    "version": "1.0.0",
    "lockfileVersion": 1,
    "requires": true,
    "dependencies": {
        "accepts": {
            "version": "1.0.0",
            "resolved": "https://registry.npmjs.org/accepts/-/accepts-1.0.0.tgz",
            "integrity": "sha1-NgTHZVhsO5z3h3tpN829RYf5R9w=",
            "requires": {
                "mime": "1.2.11",
                "negotiator": "0.3.0"
            }
        },
        "addressparser": {
            "version": "1.0.1",
            "resolved": "https://registry.npmjs.org/addressparser/-/addressparser-1.0.1.tgz",
            "integrity": "sha1-R6++GiqSYhkdtoOOT9HTm0CCF0Y="
        },
        "body-parser": {
            "version": "1.0.2",
            "resolved": "https://registry.npmjs.org/body-parser/-/body-parser-1.0.2.tgz",
            "integrity": "sha1-NGFHmjJ4/gD8rr7DMUu1T8T3tHw=",
            "requires": {
                "qs": "0.6.6",
                "raw-body": "1.1.7",
                "type-is": "1.1.0"
            }
        },
        "buffer-crc32": {
            "version": "0.2.1",
            "resolved": "https://registry.npmjs.org/buffer-crc32/-/buffer-crc32-0.2.1.tgz",
            "integrity": "sha1-vj5TgvwCttYySVasGvmKqYsIU0w="
        },
        "buildmail": {
            "version": "3.10.0",
            "resolved": "https://registry.npmjs.org/buildmail/-/buildmail-3.10.0.tgz",
            "integrity": "sha1-xoJtcW55RbtvaxQ0tTmF4CmgMVk=",
            "requires": {
                "addressparser": "1.0.1",
                "libbase64": "0.1.0",
                "libmime": "2.1.0",
                "libqp": "1.1.0",
                "nodemailer-fetch": "1.6.0",
                "nodemailer-shared": "1.1.0"
            },
            "dependencies": {
                "iconv-lite": {
                    "version": "0.4.13",
                    "resolved": "https://registry.npmjs.org/iconv-lite/-/iconv-lite-0.4.13.tgz",
                    "integrity": "sha1-H4irpKsLFQjoMSrMOTRfNumS4vI="
                },
                "libmime": {
                    "version": "2.1.0",
                    "resolved": "https://registry.npmjs.org/libmime/-/libmime-2.1.0.tgz",
                    "integrity": "sha1-Ubx23iKDFh65BRxLyArtcT5P0c0=",
                    "requires": {
                        "iconv-lite": "0.4.13",
                        "libbase64": "0.1.0",
                        "libqp": "1.1.0"
                    }
                }
            }
        },
        "busboy": {
            "version": "0.2.14",
            "resolved": "https://registry.npmjs.org/busboy/-/busboy-0.2.14.tgz",
            "integrity": "sha1-bCpiLvz0fFe7vh4qnDetNseSVFM=",
            "requires": {
                "dicer": "0.2.5",
                "readable-stream": "1.1.14"
            }
        },
        "bytes": {
            "version": "1.0.0",
            "resolved": "https://registry.npmjs.org/bytes/-/bytes-1.0.0.tgz",
            "integrity": "sha1-NWnt6Lo0MV+rmcPpLLBMciDeH6g="
        },
        "cookie": {
            "version": "0.1.0",
            "resolved": "https://registry.npmjs.org/cookie/-/cookie-0.1.0.tgz",
            "integrity": "sha1-kOtGndzpBchm3mh+/EMTHYgB+dA="
        },
        "cookie-signature": {
            "version": "1.0.3",
            "resolved": "https://registry.npmjs.org/cookie-signature/-/cookie-signature-1.0.3.tgz",
            "integrity": "sha1-kc2ZfMUftkFZVzjGnNoCAyj1D/k="
        },
        "core-util-is": {
            "version": "1.0.2",
            "resolved": "https://registry.npmjs.org/core-util-is/-/core-util-is-1.0.2.tgz",
            "integrity": "sha1-tf1UIgqivFq1eqtxQMlAdUUDwac="
        },
        "debug": {
            "version": "0.8.1",
            "resolved": "https://registry.npmjs.org/debug/-/debug-0.8.1.tgz",
            "integrity": "sha1-IP9NJvXkIstoobrLu2EDmtjBwTA="
        },
        "dicer": {
            "version": "0.2.5",
            "resolved": "https://registry.npmjs.org/dicer/-/dicer-0.2.5.tgz",
            "integrity": "sha1-WZbAhrszIYyBLAkL3cCc0S+stw8=",
            "requires": {
                "readable-stream": "1.1.14",
                "streamsearch": "0.1.2"
            }
        },
        "dkim-signer": {
            "version": "0.2.2",
            "resolved": "https://registry.npmjs.org/dkim-signer/-/dkim-signer-0.2.2.tgz",
            "integrity": "sha1-qoHsBx7u02IngbqpIgRNeADl8wg=",
            "requires": {
                "libmime": "2.1.3"
            }
        },
        "escape-html": {
            "version": "1.0.1",
            "resolved": "https://registry.npmjs.org/escape-html/-/escape-html-1.0.1.tgz",
            "integrity": "sha1-GBoobq05ejmpKFfPsdQwUuNWv/A="
        },
        "express": {
            "version": "4.0.0",
            "resolved": "https://registry.npmjs.org/express/-/express-4.0.0.tgz",
            "integrity": "sha1-J03IKTPJ9XTMOKDOXqgXK+nGsJQ=",
            "requires": {
                "accepts": "1.0.0",
                "buffer-crc32": "0.2.1",
                "cookie": "0.1.0",
                "cookie-signature": "1.0.3",
                "debug": "0.8.1",
                "escape-html": "1.0.1",
                "fresh": "0.2.2",
                "merge-descriptors": "0.0.2",
                "methods": "0.1.0",
                "parseurl": "1.0.1",
                "path-to-regexp": "0.1.2",
                "qs": "0.6.6",
                "range-parser": "1.0.0",
                "send": "0.2.0",
                "serve-static": "1.0.1",
                "type-is": "1.0.0",
                "utils-merge": "1.0.0"
            },
            "dependencies": {
                "type-is": {
                    "version": "1.0.0",
                    "resolved": "https://registry.npmjs.org/type-is/-/type-is-1.0.0.tgz",
                    "integrity": "sha1-T/Qk6XNJoe4ZELS/xIhZXs3EQ/w=",
                    "requires": {
                        "mime": "1.2.11"
                    }
                }
            }
        },
        "express-fileupload": {
            "version": "0.3.0",
            "resolved": "https://registry.npmjs.org/express-fileupload/-/express-fileupload-0.3.0.tgz",
            "integrity": "sha512-IdX2oOFphEg3px0NylgtqluSTjDZgAyEfhZBWgmDNw75xbG89UnYqi/ZbFsTuDh1RGDDUK4JqdHYNH4p2KK1+g==",
            "requires": {
                "busboy": "0.2.14",
                "fs-extra": "4.0.2",
                "streamifier": "0.1.1"
            }
        },
        "fresh": {
            "version": "0.2.2",
            "resolved": "https://registry.npmjs.org/fresh/-/fresh-0.2.2.tgz",
            "integrity": "sha1-lzHc9WeMf660T7kDxPct9VGH+nc="
        },
        "fs-extra": {
            "version": "4.0.2",
            "resolved": "https://registry.npmjs.org/fs-extra/-/fs-extra-4.0.2.tgz",
            "integrity": "sha1-+RcExT0bRh+JNFKwwwfZmXZHq2s=",
            "requires": {
                "graceful-fs": "4.1.11",
                "jsonfile": "4.0.0",
                "universalify": "0.1.1"
            }
        },
        "graceful-fs": {
            "version": "4.1.11",
            "resolved": "https://registry.npmjs.org/graceful-fs/-/graceful-fs-4.1.11.tgz",
            "integrity": "sha1-Dovf5NHduIVNZOBOp8AOKgJuVlg="
        },
        "iconv-lite": {
            "version": "0.4.15",
            "resolved": "https://registry.npmjs.org/iconv-lite/-/iconv-lite-0.4.15.tgz",
            "integrity": "sha1-/iZaIYrGpXz+hUkn6dBMGYJe3es="
        },
        "inherits": {
            "version": "2.0.3",
            "resolved": "https://registry.npmjs.org/inherits/-/inherits-2.0.3.tgz",
            "integrity": "sha1-Yzwsg+PaQqUC9SRmAiSA9CCCYd4="
        },
        "isarray": {
            "version": "0.0.1",
            "resolved": "https://registry.npmjs.org/isarray/-/isarray-0.0.1.tgz",
            "integrity": "sha1-ihis/Kmo9Bd+Cav8YDiTmwXR7t8="
        },
        "jq-cli-wrapper": {
            "version": "0.4.0",
            "resolved": "https://registry.npmjs.org/jq-cli-wrapper/-/jq-cli-wrapper-0.4.0.tgz",
            "integrity": "sha1-BsH8M4SwnAIW4rurnThvjpTtKRY="
        },
        "jsonfile": {
            "version": "4.0.0",
            "resolved": "https://registry.npmjs.org/jsonfile/-/jsonfile-4.0.0.tgz",
            "integrity": "sha1-h3Gq4HmbZAdrdmQPygWPnBDjPss=",
            "requires": {
                "graceful-fs": "4.1.11"
            }
        },
        "libbase64": {
            "version": "0.1.0",
            "resolved": "https://registry.npmjs.org/libbase64/-/libbase64-0.1.0.tgz",
            "integrity": "sha1-YjUag5VjrF/1vSbxL2Dpgwu3UeY="
        },
        "libmime": {
            "version": "2.1.3",
            "resolved": "https://registry.npmjs.org/libmime/-/libmime-2.1.3.tgz",
            "integrity": "sha1-JQF8pataHpiq2+JyUBfPHUikKgw=",
            "requires": {
                "iconv-lite": "0.4.15",
                "libbase64": "0.1.0",
                "libqp": "1.1.0"
            }
        },
        "libqp": {
            "version": "1.1.0",
            "resolved": "https://registry.npmjs.org/libqp/-/libqp-1.1.0.tgz",
            "integrity": "sha1-9ebgatdLeU+1tbZpiL9yjvHe2+g="
        },
        "mailcomposer": {
            "version": "3.12.0",
            "resolved": "https://registry.npmjs.org/mailcomposer/-/mailcomposer-3.12.0.tgz",
            "integrity": "sha1-nF4RiKqOHGLsi4a9Q0aBArY56Pk=",
            "requires": {
                "buildmail": "3.10.0",
                "libmime": "2.1.0"
            },
            "dependencies": {
                "iconv-lite": {
                    "version": "0.4.13",
                    "resolved": "https://registry.npmjs.org/iconv-lite/-/iconv-lite-0.4.13.tgz",
                    "integrity": "sha1-H4irpKsLFQjoMSrMOTRfNumS4vI="
                },
                "libmime": {
                    "version": "2.1.0",
                    "resolved": "https://registry.npmjs.org/libmime/-/libmime-2.1.0.tgz",
                    "integrity": "sha1-Ubx23iKDFh65BRxLyArtcT5P0c0=",
                    "requires": {
                        "iconv-lite": "0.4.13",
                        "libbase64": "0.1.0",
                        "libqp": "1.1.0"
                    }
                }
            }
        },
        "merge-descriptors": {
            "version": "0.0.2",
            "resolved": "https://registry.npmjs.org/merge-descriptors/-/merge-descriptors-0.0.2.tgz",
            "integrity": "sha1-w2pSp4FDdRPFcnXzndnTF1FKyMc="
        },
        "methods": {
            "version": "0.1.0",
            "resolved": "https://registry.npmjs.org/methods/-/methods-0.1.0.tgz",
            "integrity": "sha1-M11Cnu/SG3us8unJIqjSvRSjDk8="
        },
        "mime": {
            "version": "1.2.11",
            "resolved": "https://registry.npmjs.org/mime/-/mime-1.2.11.tgz",
            "integrity": "sha1-WCA+7Ybjpe8XrtK32evUfwpg3RA="
        },
        "minimist": {
            "version": "0.0.8",
            "resolved": "https://registry.npmjs.org/minimist/-/minimist-0.0.8.tgz",
            "integrity": "sha1-hX/Kv8M5fSYluCKCYuhqp6ARsF0="
        },
        "mkdirp": {
            "version": "0.5.1",
            "resolved": "https://registry.npmjs.org/mkdirp/-/mkdirp-0.5.1.tgz",
            "integrity": "sha1-MAV0OOrGz3+MR2fzhkjWaX11yQM=",
            "requires": {
                "minimist": "0.0.8"
            }
        },
        "negotiator": {
            "version": "0.3.0",
            "resolved": "https://registry.npmjs.org/negotiator/-/negotiator-0.3.0.tgz",
            "integrity": "sha1-cG1pLv7d9XTVfqn7GriaT6fuj2A="
        },
        "nodemailer-fetch": {
            "version": "1.6.0",
            "resolved": "https://registry.npmjs.org/nodemailer-fetch/-/nodemailer-fetch-1.6.0.tgz",
            "integrity": "sha1-ecSQihwPXzdbc/6IjamCj23JY6Q="
        },
        "nodemailer-shared": {
            "version": "1.1.0",
            "resolved": "https://registry.npmjs.org/nodemailer-shared/-/nodemailer-shared-1.1.0.tgz",
            "integrity": "sha1-z1mU4v0mjQD1zw+nZ6CBae2wfsA=",
            "requires": {
                "nodemailer-fetch": "1.6.0"
            }
        },
        "parseurl": {
            "version": "1.0.1",
            "resolved": "https://registry.npmjs.org/parseurl/-/parseurl-1.0.1.tgz",
            "integrity": "sha1-Llfc5u/dN8NRhwEDCUTCK/OIt7Q="
        },
        "path-to-regexp": {
            "version": "0.1.2",
            "resolved": "https://registry.npmjs.org/path-to-regexp/-/path-to-regexp-0.1.2.tgz",
            "integrity": "sha1-mysVH5zDAYye6lDKlXKeBXgXErQ="
        },
        "qs": {
            "version": "0.6.6",
            "resolved": "https://registry.npmjs.org/qs/-/qs-0.6.6.tgz",
            "integrity": "sha1-bgFQmP9RlouKPIGQAdXyyJvEsQc="
        },
        "range-parser": {
            "version": "1.0.0",
            "resolved": "https://registry.npmjs.org/range-parser/-/range-parser-1.0.0.tgz",
            "integrity": "sha1-pLJkz+C+XONqvjdlrJwqJIdG28A="
        },
        "raw-body": {
            "version": "1.1.7",
            "resolved": "https://registry.npmjs.org/raw-body/-/raw-body-1.1.7.tgz",
            "integrity": "sha1-HQJ8K/oRasxmI7yo8AAWVyqH1CU=",
            "requires": {
                "bytes": "1.0.0",
                "string_decoder": "0.10.31"
            }
        },
        "readable-stream": {
            "version": "1.1.14",
            "resolved": "https://registry.npmjs.org/readable-stream/-/readable-stream-1.1.14.tgz",
            "integrity": "sha1-fPTFTvZI44EwhMY23SB54WbAgdk=",
            "requires": {
                "core-util-is": "1.0.2",
                "inherits": "2.0.3",
                "isarray": "0.0.1",
                "string_decoder": "0.10.31"
            }
        },
        "send": {
            "version": "0.2.0",
            "resolved": "https://registry.npmjs.org/send/-/send-0.2.0.tgz",
            "integrity": "sha1-Bnq/Rc/4v/spy9t0OXJbMjiKLFg=",
            "requires": {
                "debug": "0.8.1",
                "fresh": "0.2.2",
                "mime": "1.2.11",
                "range-parser": "1.0.0"
            }
        },
        "sendmail": {
            "version": "1.2.0",
            "resolved": "https://registry.npmjs.org/sendmail/-/sendmail-1.2.0.tgz",
            "integrity": "sha1-pzHYCsAExYAm1IuL/GJ4trvInMA=",
            "requires": {
                "dkim-signer": "0.2.2",
                "mailcomposer": "3.12.0"
            }
        },
        "serve-static": {
            "version": "1.0.1",
            "resolved": "https://registry.npmjs.org/serve-static/-/serve-static-1.0.1.tgz",
            "integrity": "sha1-ENy/1Es+ApGhMfyatKslqfWnikI=",
            "requires": {
                "send": "0.1.4"
            },
            "dependencies": {
                "fresh": {
                    "version": "0.2.0",
                    "resolved": "https://registry.npmjs.org/fresh/-/fresh-0.2.0.tgz",
                    "integrity": "sha1-v9lALPPfEsSkwxDHn5mj3eE9NKc="
                },
                "range-parser": {
                    "version": "0.0.4",
                    "resolved": "https://registry.npmjs.org/range-parser/-/range-parser-0.0.4.tgz",
                    "integrity": "sha1-wEJ//vUcEKy6B4KkbJYC50T/Ygs="
                },
                "send": {
                    "version": "0.1.4",
                    "resolved": "https://registry.npmjs.org/send/-/send-0.1.4.tgz",
                    "integrity": "sha1-vnDY0b4B3mGCGvE3gLUDRaT3Gr0=",
                    "requires": {
                        "debug": "0.8.1",
                        "fresh": "0.2.0",
                        "mime": "1.2.11",
                        "range-parser": "0.0.4"
                    }
                }
            }
        },
        "streamifier": {
            "version": "0.1.1",
            "resolved": "https://registry.npmjs.org/streamifier/-/streamifier-0.1.1.tgz",
            "integrity": "sha1-l+mNj6TRBdYqJpHR3AfoINuN/E8="
        },
        "streamsearch": {
            "version": "0.1.2",
            "resolved": "https://registry.npmjs.org/streamsearch/-/streamsearch-0.1.2.tgz",
            "integrity": "sha1-gIudDlb8Jz2Am6VzOOkpkZoanxo="
        },
        "string_decoder": {
            "version": "0.10.31",
            "resolved": "https://registry.npmjs.org/string_decoder/-/string_decoder-0.10.31.tgz",
            "integrity": "sha1-YuIDvEF2bGwoyfyEMB2rHFMQ+pQ="
        },
        "type-is": {
            "version": "1.1.0",
            "resolved": "https://registry.npmjs.org/type-is/-/type-is-1.1.0.tgz",
            "integrity": "sha1-0CReyLJnZmjVndDPMlUGBnalfbY=",
            "requires": {
                "mime": "1.2.11"
            }
        },
        "universalify": {
            "version": "0.1.1",
            "resolved": "https://registry.npmjs.org/universalify/-/universalify-0.1.1.tgz",
            "integrity": "sha1-+nG63UQ3r0wUiEHjs7Fl+enlkLc="
        },
        "utils-merge": {
            "version": "1.0.0",
            "resolved": "https://registry.npmjs.org/utils-merge/-/utils-merge-1.0.0.tgz",
            "integrity": "sha1-ApT7kiu5N1FTVBxPcJYjHyh8ivg="
        },
        "uuid": {
            "version": "3.1.0",
            "resolved": "https://registry.npmjs.org/uuid/-/uuid-3.1.0.tgz",
            "integrity": "sha512-DIWtzUkw04M4k3bf1IcpS2tngXEL26YUD2M0tMDUpnUrz2hgzUBlD55a4FjdLGPvfHxS6uluGWvaVEqgBcVa+g=="
        }
    }
}
